
Microsoft Visual Studio Solution File, Format Version 12.00
# Visual Studio Version 17
VisualStudioVersion = 17.8.34330.188
MinimumVisualStudioVersion = 10.0.40219.1
Project("{9A19103F-16F7-4668-BE54-9A1E7A4F7556}") = "Task1", "Task1\Task1.csproj", "{85022A88-5186-451E-83B3-51A47A7E68E0}"
EndProject
Project("{9A19103F-16F7-4668-BE54-9A1E7A4F7556}") = "Student_HTML_JS_Project", "Student_HTML_JS_Project\Student_HTML_JS_Project.csproj", "{69E24C36-B561-483C-872A-F246AB1A173A}"
EndProject
Project("{9A19103F-16F7-4668-BE54-9A1E7A4F7556}") = "Task2_Using_JS", "Task2_Using_JS\Task2_Using_JS.csproj", "{186F92C8-AD85-4D01-AA94-DE0ABCC3BFD6}"
EndProject
Project("{9A19103F-16F7-4668-BE54-9A1E7A4F7556}") = "Student_JS", "..\..\..\Downloads\project1\Our_Students\Student_JS.csproj", "{E28DDDEC-E8E3-4011-A99E-2DE6A01A0E5B}"
EndProject
Project("{9A19103F-16F7-4668-BE54-9A1E7A4F7556}") = "TaskBlazor", "TaskBlazor\TaskBlazor.csproj", "{5F2D1255-2A82-44F0-92FE-526CACCCA5D0}"
EndProject
Project("{9A19103F-16F7-4668-BE54-9A1E7A4F7556}") = "JS_Using_Student", "..\JS_Using_Student\JS_Using_Student\JS_Using_Student.csproj", "{DD8FDE3B-4E70-4BF9-ACE4-0AC589D324BB}"
EndProject
Project("{9A19103F-16F7-4668-BE54-9A1E7A4F7556}") = "JS_Project", "..\JS_Using_Student\JS_Project\JS_Project.csproj", "{99C82F21-88B5-4E02-93B4-58CB35D7F4BC}"
EndProject
Project("{9A19103F-16F7-4668-BE54-9A1E7A4F7556}") = "StudentManagement", "StudentManagement\StudentManagement.csproj", "{43181CCF-1FB8-4DD9-B498-2543810FFF15}"
EndProject
Project("{9A19103F-16F7-4668-BE54-9A1E7A4F7556}") = "MauiStudent", "MauiStudent\MauiStudent.csproj", "{4AF324C7-7D37-494C-843A-57799B488E7B}"
EndProject
Project("{9A19103F-16F7-4668-BE54-9A1E7A4F7556}") = "DemoMaui", "DemoMaui\DemoMaui.csproj", "{1FF6B88B-08AA-45DD-9463-1475539B809F}"
EndProject
Project("{9A19103F-16F7-4668-BE54-9A1E7A4F7556}") = "Windows_Student", "Windows_Student\Windows_Student.csproj", "{685F7DB0-5D37-491A-811E-25FF677A66EB}"
EndProject
Project("{9A19103F-16F7-4668-BE54-9A1E7A4F7556}") = "StudentMauiApp", "StudentMauiApp\StudentMauiApp.csproj", "{B4D8F980-DCFD-47DF-A683-DF4F423AB6AC}"
EndProject
Project("{9A19103F-16F7-4668-BE54-9A1E7A4F7556}") = "OtherPageFormat", "OtherPageFormat\OtherPageFormat.csproj", "{9D442836-C815-4500-A99B-A25DFDB1EC0D}"
EndProject
Project("{FAE04EC0-301F-11D3-BF4B-00C04F79EFBC}") = "StudentMVVM", "StudentMVVM\StudentMVVM.csproj", "{4A213A86-D012-47C7-887E-3FEB36A62014}"
EndProject
Global
	GlobalSection(SolutionConfigurationPlatforms) = preSolution
		Debug|Any CPU = Debug|Any CPU
		Release|Any CPU = Release|Any CPU
	EndGlobalSection
	GlobalSection(ProjectConfigurationPlatforms) = postSolution
		{85022A88-5186-451E-83B3-51A47A7E68E0}.Debug|Any CPU.ActiveCfg = Debug|Any CPU
		{85022A88-5186-451E-83B3-51A47A7E68E0}.Debug|Any CPU.Build.0 = Debug|Any CPU
		{85022A88-5186-451E-83B3-51A47A7E68E0}.Release|Any CPU.ActiveCfg = Release|Any CPU
		{85022A88-5186-451E-83B3-51A47A7E68E0}.Release|Any CPU.Build.0 = Release|Any CPU
		{69E24C36-B561-483C-872A-F246AB1A173A}.Debug|Any CPU.ActiveCfg = Debug|Any CPU
		{69E24C36-B561-483C-872A-F246AB1A173A}.Debug|Any CPU.Build.0 = Debug|Any CPU
		{69E24C36-B561-483C-872A-F246AB1A173A}.Release|Any CPU.ActiveCfg = Release|Any CPU
		{69E24C36-B561-483C-872A-F246AB1A173A}.Release|Any CPU.Build.0 = Release|Any CPU
		{186F92C8-AD85-4D01-AA94-DE0ABCC3BFD6}.Debug|Any CPU.ActiveCfg = Debug|Any CPU
		{186F92C8-AD85-4D01-AA94-DE0ABCC3BFD6}.Debug|Any CPU.Build.0 = Debug|Any CPU
		{186F92C8-AD85-4D01-AA94-DE0ABCC3BFD6}.Release|Any CPU.ActiveCfg = Release|Any CPU
		{186F92C8-AD85-4D01-AA94-DE0ABCC3BFD6}.Release|Any CPU.Build.0 = Release|Any CPU
		{E28DDDEC-E8E3-4011-A99E-2DE6A01A0E5B}.Debug|Any CPU.ActiveCfg = Debug|Any CPU
		{E28DDDEC-E8E3-4011-A99E-2DE6A01A0E5B}.Debug|Any CPU.Build.0 = Debug|Any CPU
		{E28DDDEC-E8E3-4011-A99E-2DE6A01A0E5B}.Release|Any CPU.ActiveCfg = Release|Any CPU
		{E28DDDEC-E8E3-4011-A99E-2DE6A01A0E5B}.Release|Any CPU.Build.0 = Release|Any CPU
		{5F2D1255-2A82-44F0-92FE-526CACCCA5D0}.Debug|Any CPU.ActiveCfg = Debug|Any CPU
		{5F2D1255-2A82-44F0-92FE-526CACCCA5D0}.Debug|Any CPU.Build.0 = Debug|Any CPU
		{5F2D1255-2A82-44F0-92FE-526CACCCA5D0}.Release|Any CPU.ActiveCfg = Release|Any CPU
		{5F2D1255-2A82-44F0-92FE-526CACCCA5D0}.Release|Any CPU.Build.0 = Release|Any CPU
		{DD8FDE3B-4E70-4BF9-ACE4-0AC589D324BB}.Debug|Any CPU.ActiveCfg = Debug|Any CPU
		{DD8FDE3B-4E70-4BF9-ACE4-0AC589D324BB}.Debug|Any CPU.Build.0 = Debug|Any CPU
		{DD8FDE3B-4E70-4BF9-ACE4-0AC589D324BB}.Release|Any CPU.ActiveCfg = Release|Any CPU
		{DD8FDE3B-4E70-4BF9-ACE4-0AC589D324BB}.Release|Any CPU.Build.0 = Release|Any CPU
		{99C82F21-88B5-4E02-93B4-58CB35D7F4BC}.Debug|Any CPU.ActiveCfg = Debug|Any CPU
		{99C82F21-88B5-4E02-93B4-58CB35D7F4BC}.Debug|Any CPU.Build.0 = Debug|Any CPU
		{99C82F21-88B5-4E02-93B4-58CB35D7F4BC}.Release|Any CPU.ActiveCfg = Release|Any CPU
		{99C82F21-88B5-4E02-93B4-58CB35D7F4BC}.Release|Any CPU.Build.0 = Release|Any CPU
		{43181CCF-1FB8-4DD9-B498-2543810FFF15}.Debug|Any CPU.ActiveCfg = Debug|Any CPU
		{43181CCF-1FB8-4DD9-B498-2543810FFF15}.Debug|Any CPU.Build.0 = Debug|Any CPU
		{43181CCF-1FB8-4DD9-B498-2543810FFF15}.Release|Any CPU.ActiveCfg = Release|Any CPU
		{43181CCF-1FB8-4DD9-B498-2543810FFF15}.Release|Any CPU.Build.0 = Release|Any CPU
		{4AF324C7-7D37-494C-843A-57799B488E7B}.Debug|Any CPU.ActiveCfg = Debug|Any CPU
		{4AF324C7-7D37-494C-843A-57799B488E7B}.Debug|Any CPU.Build.0 = Debug|Any CPU
		{4AF324C7-7D37-494C-843A-57799B488E7B}.Debug|Any CPU.Deploy.0 = Debug|Any CPU
		{4AF324C7-7D37-494C-843A-57799B488E7B}.Release|Any CPU.ActiveCfg = Release|Any CPU
		{4AF324C7-7D37-494C-843A-57799B488E7B}.Release|Any CPU.Build.0 = Release|Any CPU
		{4AF324C7-7D37-494C-843A-57799B488E7B}.Release|Any CPU.Deploy.0 = Release|Any CPU
		{1FF6B88B-08AA-45DD-9463-1475539B809F}.Debug|Any CPU.ActiveCfg = Debug|Any CPU
		{1FF6B88B-08AA-45DD-9463-1475539B809F}.Debug|Any CPU.Build.0 = Debug|Any CPU
		{1FF6B88B-08AA-45DD-9463-1475539B809F}.Debug|Any CPU.Deploy.0 = Debug|Any CPU
		{1FF6B88B-08AA-45DD-9463-1475539B809F}.Release|Any CPU.ActiveCfg = Release|Any CPU
		{1FF6B88B-08AA-45DD-9463-1475539B809F}.Release|Any CPU.Build.0 = Release|Any CPU
		{1FF6B88B-08AA-45DD-9463-1475539B809F}.Release|Any CPU.Deploy.0 = Release|Any CPU
		{685F7DB0-5D37-491A-811E-25FF677A66EB}.Debug|Any CPU.ActiveCfg = Debug|Any CPU
		{685F7DB0-5D37-491A-811E-25FF677A66EB}.Debug|Any CPU.Build.0 = Debug|Any CPU
		{685F7DB0-5D37-491A-811E-25FF677A66EB}.Release|Any CPU.ActiveCfg = Release|Any CPU
		{685F7DB0-5D37-491A-811E-25FF677A66EB}.Release|Any CPU.Build.0 = Release|Any CPU
		{B4D8F980-DCFD-47DF-A683-DF4F423AB6AC}.Debug|Any CPU.ActiveCfg = Debug|Any CPU
		{B4D8F980-DCFD-47DF-A683-DF4F423AB6AC}.Debug|Any CPU.Build.0 = Debug|Any CPU
		{B4D8F980-DCFD-47DF-A683-DF4F423AB6AC}.Debug|Any CPU.Deploy.0 = Debug|Any CPU
		{B4D8F980-DCFD-47DF-A683-DF4F423AB6AC}.Release|Any CPU.ActiveCfg = Release|Any CPU
		{B4D8F980-DCFD-47DF-A683-DF4F423AB6AC}.Release|Any CPU.Build.0 = Release|Any CPU
		{B4D8F980-DCFD-47DF-A683-DF4F423AB6AC}.Release|Any CPU.Deploy.0 = Release|Any CPU
		{9D442836-C815-4500-A99B-A25DFDB1EC0D}.Debug|Any CPU.ActiveCfg = Debug|Any CPU
		{9D442836-C815-4500-A99B-A25DFDB1EC0D}.Debug|Any CPU.Build.0 = Debug|Any CPU
		{9D442836-C815-4500-A99B-A25DFDB1EC0D}.Debug|Any CPU.Deploy.0 = Debug|Any CPU
		{9D442836-C815-4500-A99B-A25DFDB1EC0D}.Release|Any CPU.ActiveCfg = Release|Any CPU
		{9D442836-C815-4500-A99B-A25DFDB1EC0D}.Release|Any CPU.Build.0 = Release|Any CPU
		{9D442836-C815-4500-A99B-A25DFDB1EC0D}.Release|Any CPU.Deploy.0 = Release|Any CPU
		{4A213A86-D012-47C7-887E-3FEB36A62014}.Debug|Any CPU.ActiveCfg = Debug|Any CPU
		{4A213A86-D012-47C7-887E-3FEB36A62014}.Debug|Any CPU.Build.0 = Debug|Any CPU
		{4A213A86-D012-47C7-887E-3FEB36A62014}.Debug|Any CPU.Deploy.0 = Debug|Any CPU
		{4A213A86-D012-47C7-887E-3FEB36A62014}.Release|Any CPU.ActiveCfg = Release|Any CPU
		{4A213A86-D012-47C7-887E-3FEB36A62014}.Release|Any CPU.Build.0 = Release|Any CPU
		{4A213A86-D012-47C7-887E-3FEB36A62014}.Release|Any CPU.Deploy.0 = Release|Any CPU
	EndGlobalSection
	GlobalSection(SolutionProperties) = preSolution
		HideSolutionNode = FALSE
	EndGlobalSection
	GlobalSection(ExtensibilityGlobals) = postSolution
		SolutionGuid = {63742E87-462F-4980-BE6A-30D2F423FCA8}
	EndGlobalSection
EndGlobal
