
Microsoft Visual Studio Solution File, Format Version 12.00
# Visual Studio Version 17
VisualStudioVersion = 17.8.34330.188
MinimumVisualStudioVersion = 10.0.40219.1
Project("{FAE04EC0-301F-11D3-BF4B-00C04F79EFBC}") = "Task1", "Task1\Task1.csproj", "{85022A88-5186-451E-83B3-51A47A7E68E0}"
EndProject
Global
	GlobalSection(SolutionConfigurationPlatforms) = preSolution
		Debug|Any CPU = Debug|Any CPU
		Release|Any CPU = Release|Any CPU
	EndGlobalSection
	GlobalSection(ProjectConfigurationPlatforms) = postSolution
		{85022A88-5186-451E-83B3-51A47A7E68E0}.Debug|Any CPU.ActiveCfg = Debug|Any CPU
		{85022A88-5186-451E-83B3-51A47A7E68E0}.Debug|Any CPU.Build.0 = Debug|Any CPU
		{85022A88-5186-451E-83B3-51A47A7E68E0}.Release|Any CPU.ActiveCfg = Release|Any CPU
		{85022A88-5186-451E-83B3-51A47A7E68E0}.Release|Any CPU.Build.0 = Release|Any CPU
	EndGlobalSection
	GlobalSection(SolutionProperties) = preSolution
		HideSolutionNode = FALSE
	EndGlobalSection
	GlobalSection(ExtensibilityGlobals) = postSolution
		SolutionGuid = {63742E87-462F-4980-BE6A-30D2F423FCA8}
	EndGlobalSection
EndGlobal
